
Microsoft Visual Studio Solution File, Format Version 12.00
# Visual Studio Version 16
VisualStudioVersion = 16.0.31911.196
MinimumVisualStudioVersion = 10.0.40219.1
Project("{FAE04EC0-301F-11D3-BF4B-00C04F79EFBC}") = "Chapter19_WebPractice", "Chapter19_WebPractice.csproj", "{2A49D8B7-A8FA-4E53-A335-90FEBC5F3CAB}"
EndProject
Global
	GlobalSection(SolutionConfigurationPlatforms) = preSolution
		Debug|Any CPU = Debug|Any CPU
		Release|Any CPU = Release|Any CPU
	EndGlobalSection
	GlobalSection(ProjectConfigurationPlatforms) = postSolution
		{2A49D8B7-A8FA-4E53-A335-90FEBC5F3CAB}.Debug|Any CPU.ActiveCfg = Debug|Any CPU
		{2A49D8B7-A8FA-4E53-A335-90FEBC5F3CAB}.Debug|Any CPU.Build.0 = Debug|Any CPU
		{2A49D8B7-A8FA-4E53-A335-90FEBC5F3CAB}.Release|Any CPU.ActiveCfg = Release|Any CPU
		{2A49D8B7-A8FA-4E53-A335-90FEBC5F3CAB}.Release|Any CPU.Build.0 = Release|Any CPU
	EndGlobalSection
	GlobalSection(SolutionProperties) = preSolution
		HideSolutionNode = FALSE
	EndGlobalSection
	GlobalSection(ExtensibilityGlobals) = postSolution
		SolutionGuid = {AEB3C503-4C9E-4164-8CF1-3874927A06DD}
	EndGlobalSection
EndGlobal
